
Microsoft Visual Studio Solution File, Format Version 12.00
# Visual Studio Version 16
VisualStudioVersion = 16.0.31911.196
MinimumVisualStudioVersion = 10.0.40219.1
Project("{FAE04EC0-301F-11D3-BF4B-00C04F79EFBC}") = "Lab17", "Lab17\Lab17.csproj", "{A8440C9A-9441-481C-8496-C67DF0367239}"
EndProject
Global
	GlobalSection(SolutionConfigurationPlatforms) = preSolution
		Debug|Any CPU = Debug|Any CPU
		Release|Any CPU = Release|Any CPU
	EndGlobalSection
	GlobalSection(ProjectConfigurationPlatforms) = postSolution
		{A8440C9A-9441-481C-8496-C67DF0367239}.Debug|Any CPU.ActiveCfg = Debug|Any CPU
		{A8440C9A-9441-481C-8496-C67DF0367239}.Debug|Any CPU.Build.0 = Debug|Any CPU
		{A8440C9A-9441-481C-8496-C67DF0367239}.Release|Any CPU.ActiveCfg = Release|Any CPU
		{A8440C9A-9441-481C-8496-C67DF0367239}.Release|Any CPU.Build.0 = Release|Any CPU
	EndGlobalSection
	GlobalSection(SolutionProperties) = preSolution
		HideSolutionNode = FALSE
	EndGlobalSection
	GlobalSection(ExtensibilityGlobals) = postSolution
		SolutionGuid = {9D529BE8-B938-403A-8F64-ED74B10F0FE2}
	EndGlobalSection
EndGlobal
